
Microsoft Visual Studio Solution File, Format Version 12.00
# Visual Studio Version 16
VisualStudioVersion = 16.0.31729.503
MinimumVisualStudioVersion = 10.0.40219.1
Project("{FAE04EC0-301F-11D3-BF4B-00C04F79EFBC}") = "gestioneStudenti", "gestioneStudenti.csproj", "{C1F45B23-38E6-48D1-834B-68F4DF3B58E5}"
EndProject
Project("{2150E333-8FDC-42A3-9474-1A3956D46DE8}") = "Solution Items", "Solution Items", "{53BD4B0C-6E69-4AD0-B446-67D1E9D61F38}"
	ProjectSection(SolutionItems) = preProject
		CorsoAssociato.cs = CorsoAssociato.cs
		CorsodiLaurea.cs = CorsodiLaurea.cs
		Esame.cs = Esame.cs
		esamiManager.cs = esamiManager.cs
		Menu.cs = Menu.cs
		Studente.cs = Studente.cs
	EndProjectSection
EndProject
Global
	GlobalSection(SolutionConfigurationPlatforms) = preSolution
		Debug|Any CPU = Debug|Any CPU
		Release|Any CPU = Release|Any CPU
	EndGlobalSection
	GlobalSection(ProjectConfigurationPlatforms) = postSolution
		{C1F45B23-38E6-48D1-834B-68F4DF3B58E5}.Debug|Any CPU.ActiveCfg = Debug|Any CPU
		{C1F45B23-38E6-48D1-834B-68F4DF3B58E5}.Debug|Any CPU.Build.0 = Debug|Any CPU
		{C1F45B23-38E6-48D1-834B-68F4DF3B58E5}.Release|Any CPU.ActiveCfg = Release|Any CPU
		{C1F45B23-38E6-48D1-834B-68F4DF3B58E5}.Release|Any CPU.Build.0 = Release|Any CPU
	EndGlobalSection
	GlobalSection(SolutionProperties) = preSolution
		HideSolutionNode = FALSE
	EndGlobalSection
	GlobalSection(ExtensibilityGlobals) = postSolution
		SolutionGuid = {66EDF50D-541C-4650-A449-1341ED310AA7}
	EndGlobalSection
EndGlobal
